// !$*UTF8*$!
{
	archiveVersion = 1;
	classes = {
	};
	objectVersion = 51;
	objects = {

/* Begin PBXBuildFile section */
		3408DF29235F293700D22E8E /* XHMovableCellTableView.m in Sources */ = {isa = PBXBuildFile; fileRef = 3408DF28235F293700D22E8E /* XHMovableCellTableView.m */; };
		3428523322F0417300BA712E /* ShareViewController.m in Sources */ = {isa = PBXBuildFile; fileRef = 3428523222F0417300BA712E /* ShareViewController.m */; };
		3428523622F0417300BA712E /* MainInterface.storyboard in Resources */ = {isa = PBXBuildFile; fileRef = 3428523422F0417300BA712E /* MainInterface.storyboard */; };
		3428523A22F0417300BA712E /* QNoteShare.appex in Embed App Extensions */ = {isa = PBXBuildFile; fileRef = 3428522F22F0417300BA712E /* QNoteShare.appex */; settings = {ATTRIBUTES = (RemoveHeadersOnCopy, ); }; };
		342ADB4C233CB0DE0047AFB6 /* noteCell.m in Sources */ = {isa = PBXBuildFile; fileRef = 342ADB4B233CB0DE0047AFB6 /* noteCell.m */; };
		34794BFA2328ED3C0051CDFB /* NotificationCenter.framework in Frameworks */ = {isa = PBXBuildFile; fileRef = 34794BF92328ED3C0051CDFB /* NotificationCenter.framework */; };
		34794BFE2328ED3C0051CDFB /* TodayViewController.m in Sources */ = {isa = PBXBuildFile; fileRef = 34794BFD2328ED3C0051CDFB /* TodayViewController.m */; };
		34794C012328ED3C0051CDFB /* MainInterface.storyboard in Resources */ = {isa = PBXBuildFile; fileRef = 34794BFF2328ED3C0051CDFB /* MainInterface.storyboard */; };
		34794C052328ED3C0051CDFB /* QNoteToday.appex in Embed App Extensions */ = {isa = PBXBuildFile; fileRef = 34794BF72328ED3C0051CDFB /* QNoteToday.appex */; settings = {ATTRIBUTES = (RemoveHeadersOnCopy, ); }; };
		34AF12BA2384E0D300B917A7 /* UIImageEffects.m in Sources */ = {isa = PBXBuildFile; fileRef = 34AF12B82384E0D300B917A7 /* UIImageEffects.m */; };
		34AF12C02384E49100B917A7 /* UIImageEffects.m in Sources */ = {isa = PBXBuildFile; fileRef = 34AF12B82384E0D300B917A7 /* UIImageEffects.m */; };
		34AF12EB238D04A200B917A7 /* HeaderViewForShareTableView.m in Sources */ = {isa = PBXBuildFile; fileRef = 34AF12EA238D04A200B917A7 /* HeaderViewForShareTableView.m */; };
		34AF12F0238D101500B917A7 /* LayoutCenter.m in Sources */ = {isa = PBXBuildFile; fileRef = 34AF12EF238D101500B917A7 /* LayoutCenter.m */; };
		34AF12F1238D101500B917A7 /* LayoutCenter.m in Sources */ = {isa = PBXBuildFile; fileRef = 34AF12EF238D101500B917A7 /* LayoutCenter.m */; };
		34AF12F2238D101500B917A7 /* LayoutCenter.m in Sources */ = {isa = PBXBuildFile; fileRef = 34AF12EF238D101500B917A7 /* LayoutCenter.m */; };
		34AF12F8238D1E9800B917A7 /* Songti.ttc in Resources */ = {isa = PBXBuildFile; fileRef = 34AF12F6238D1DB600B917A7 /* Songti.ttc */; };
		34AF12F9238D1EDF00B917A7 /* Songti.ttc in Resources */ = {isa = PBXBuildFile; fileRef = 34AF12F6238D1DB600B917A7 /* Songti.ttc */; };
		34CF63C322EEE37900A918CD /* AppDelegate.m in Sources */ = {isa = PBXBuildFile; fileRef = 34CF63C222EEE37900A918CD /* AppDelegate.m */; };
		34CF63C622EEE37900A918CD /* ViewController.m in Sources */ = {isa = PBXBuildFile; fileRef = 34CF63C522EEE37900A918CD /* ViewController.m */; };
		34CF63C922EEE37900A918CD /* Main.storyboard in Resources */ = {isa = PBXBuildFile; fileRef = 34CF63C722EEE37900A918CD /* Main.storyboard */; };
		34CF63CB22EEE37A00A918CD /* Assets.xcassets in Resources */ = {isa = PBXBuildFile; fileRef = 34CF63CA22EEE37A00A918CD /* Assets.xcassets */; };
		34CF63CE22EEE37A00A918CD /* LaunchScreen.storyboard in Resources */ = {isa = PBXBuildFile; fileRef = 34CF63CC22EEE37A00A918CD /* LaunchScreen.storyboard */; };
		34CF63D122EEE37A00A918CD /* main.m in Sources */ = {isa = PBXBuildFile; fileRef = 34CF63D022EEE37A00A918CD /* main.m */; };
		B95C389F663EC9FA2A9968E5 /* libPods-QNote.a in Frameworks */ = {isa = PBXBuildFile; fileRef = 9D5C3FF58393A9F0003373A2 /* libPods-QNote.a */; };
/* End PBXBuildFile section */

/* Begin PBXContainerItemProxy section */
		3428523822F0417300BA712E /* PBXContainerItemProxy */ = {
			isa = PBXContainerItemProxy;
			containerPortal = 34CF63B622EEE37900A918CD /* Project object */;
			proxyType = 1;
			remoteGlobalIDString = 3428522E22F0417300BA712E;
			remoteInfo = QNoteShare;
		};
		34794C032328ED3C0051CDFB /* PBXContainerItemProxy */ = {
			isa = PBXContainerItemProxy;
			containerPortal = 34CF63B622EEE37900A918CD /* Project object */;
			proxyType = 1;
			remoteGlobalIDString = 34794BF62328ED3C0051CDFB;
			remoteInfo = QNoteToday;
		};
/* End PBXContainerItemProxy section */

/* Begin PBXCopyFilesBuildPhase section */
		3428523E22F0417300BA712E /* Embed App Extensions */ = {
			isa = PBXCopyFilesBuildPhase;
			buildActionMask = 2147483647;
			dstPath = "";
			dstSubfolderSpec = 13;
			files = (
				34794C052328ED3C0051CDFB /* QNoteToday.appex in Embed App Extensions */,
				3428523A22F0417300BA712E /* QNoteShare.appex in Embed App Extensions */,
			);
			name = "Embed App Extensions";
			runOnlyForDeploymentPostprocessing = 0;
		};
/* End PBXCopyFilesBuildPhase section */

/* Begin PBXFileReference section */
		0A30F50CFCC7451247A7CC97 /* Pods-QNote.debug.xcconfig */ = {isa = PBXFileReference; includeInIndex = 1; lastKnownFileType = text.xcconfig; name = "Pods-QNote.debug.xcconfig"; path = "Target Support Files/Pods-QNote/Pods-QNote.debug.xcconfig"; sourceTree = "<group>"; };
		3408DF27235F293700D22E8E /* XHMovableCellTableView.h */ = {isa = PBXFileReference; lastKnownFileType = sourcecode.c.h; path = XHMovableCellTableView.h; sourceTree = "<group>"; };
		3408DF28235F293700D22E8E /* XHMovableCellTableView.m */ = {isa = PBXFileReference; lastKnownFileType = sourcecode.c.objc; path = XHMovableCellTableView.m; sourceTree = "<group>"; };
		3428522F22F0417300BA712E /* QNoteShare.appex */ = {isa = PBXFileReference; explicitFileType = "wrapper.app-extension"; includeInIndex = 0; path = QNoteShare.appex; sourceTree = BUILT_PRODUCTS_DIR; };
		3428523122F0417300BA712E /* ShareViewController.h */ = {isa = PBXFileReference; lastKnownFileType = sourcecode.c.h; path = ShareViewController.h; sourceTree = "<group>"; };
		3428523222F0417300BA712E /* ShareViewController.m */ = {isa = PBXFileReference; lastKnownFileType = sourcecode.c.objc; path = ShareViewController.m; sourceTree = "<group>"; };
		3428523522F0417300BA712E /* Base */ = {isa = PBXFileReference; lastKnownFileType = file.storyboard; name = Base; path = Base.lproj/MainInterface.storyboard; sourceTree = "<group>"; };
		3428523722F0417300BA712E /* Info.plist */ = {isa = PBXFileReference; lastKnownFileType = text.plist.xml; path = Info.plist; sourceTree = "<group>"; };
		342ADB4A233CB0DE0047AFB6 /* noteCell.h */ = {isa = PBXFileReference; lastKnownFileType = sourcecode.c.h; path = noteCell.h; sourceTree = "<group>"; };
		342ADB4B233CB0DE0047AFB6 /* noteCell.m */ = {isa = PBXFileReference; lastKnownFileType = sourcecode.c.objc; path = noteCell.m; sourceTree = "<group>"; };
		34794BF72328ED3C0051CDFB /* QNoteToday.appex */ = {isa = PBXFileReference; explicitFileType = "wrapper.app-extension"; includeInIndex = 0; path = QNoteToday.appex; sourceTree = BUILT_PRODUCTS_DIR; };
		34794BF92328ED3C0051CDFB /* NotificationCenter.framework */ = {isa = PBXFileReference; lastKnownFileType = wrapper.framework; name = NotificationCenter.framework; path = System/Library/Frameworks/NotificationCenter.framework; sourceTree = SDKROOT; };
		34794BFC2328ED3C0051CDFB /* TodayViewController.h */ = {isa = PBXFileReference; lastKnownFileType = sourcecode.c.h; path = TodayViewController.h; sourceTree = "<group>"; };
		34794BFD2328ED3C0051CDFB /* TodayViewController.m */ = {isa = PBXFileReference; lastKnownFileType = sourcecode.c.objc; path = TodayViewController.m; sourceTree = "<group>"; };
		34794C002328ED3C0051CDFB /* Base */ = {isa = PBXFileReference; lastKnownFileType = file.storyboard; name = Base; path = Base.lproj/MainInterface.storyboard; sourceTree = "<group>"; };
		34794C022328ED3C0051CDFB /* Info.plist */ = {isa = PBXFileReference; lastKnownFileType = text.plist.xml; path = Info.plist; sourceTree = "<group>"; };
		34794C092328ED7E0051CDFB /* QNoteToday.entitlements */ = {isa = PBXFileReference; lastKnownFileType = text.plist.entitlements; path = QNoteToday.entitlements; sourceTree = "<group>"; };
		348D4D8922F46C8E0068B6B6 /* QNote.entitlements */ = {isa = PBXFileReference; lastKnownFileType = text.plist.entitlements; path = QNote.entitlements; sourceTree = "<group>"; };
		348D4D8A22F46C9B0068B6B6 /* QNoteShare.entitlements */ = {isa = PBXFileReference; lastKnownFileType = text.plist.entitlements; path = QNoteShare.entitlements; sourceTree = "<group>"; };
		34AF12B82384E0D300B917A7 /* UIImageEffects.m */ = {isa = PBXFileReference; fileEncoding = 4; lastKnownFileType = sourcecode.c.objc; path = UIImageEffects.m; sourceTree = "<group>"; };
		34AF12B92384E0D300B917A7 /* UIImageEffects.h */ = {isa = PBXFileReference; fileEncoding = 4; lastKnownFileType = sourcecode.c.h; path = UIImageEffects.h; sourceTree = "<group>"; };
		34AF12E9238D04A200B917A7 /* HeaderViewForShareTableView.h */ = {isa = PBXFileReference; lastKnownFileType = sourcecode.c.h; path = HeaderViewForShareTableView.h; sourceTree = "<group>"; };
		34AF12EA238D04A200B917A7 /* HeaderViewForShareTableView.m */ = {isa = PBXFileReference; lastKnownFileType = sourcecode.c.objc; path = HeaderViewForShareTableView.m; sourceTree = "<group>"; };
		34AF12EE238D101500B917A7 /* LayoutCenter.h */ = {isa = PBXFileReference; lastKnownFileType = sourcecode.c.h; path = LayoutCenter.h; sourceTree = "<group>"; };
		34AF12EF238D101500B917A7 /* LayoutCenter.m */ = {isa = PBXFileReference; lastKnownFileType = sourcecode.c.objc; path = LayoutCenter.m; sourceTree = "<group>"; };
		34AF12F6238D1DB600B917A7 /* Songti.ttc */ = {isa = PBXFileReference; lastKnownFileType = file; path = Songti.ttc; sourceTree = "<group>"; };
		34CF63BE22EEE37900A918CD /* QNote.app */ = {isa = PBXFileReference; explicitFileType = wrapper.application; includeInIndex = 0; path = QNote.app; sourceTree = BUILT_PRODUCTS_DIR; };
		34CF63C122EEE37900A918CD /* AppDelegate.h */ = {isa = PBXFileReference; lastKnownFileType = sourcecode.c.h; path = AppDelegate.h; sourceTree = "<group>"; };
		34CF63C222EEE37900A918CD /* AppDelegate.m */ = {isa = PBXFileReference; lastKnownFileType = sourcecode.c.objc; path = AppDelegate.m; sourceTree = "<group>"; };
		34CF63C422EEE37900A918CD /* ViewController.h */ = {isa = PBXFileReference; lastKnownFileType = sourcecode.c.h; path = ViewController.h; sourceTree = "<group>"; };
		34CF63C522EEE37900A918CD /* ViewController.m */ = {isa = PBXFileReference; lastKnownFileType = sourcecode.c.objc; path = ViewController.m; sourceTree = "<group>"; };
		34CF63C822EEE37900A918CD /* Base */ = {isa = PBXFileReference; lastKnownFileType = file.storyboard; name = Base; path = Base.lproj/Main.storyboard; sourceTree = "<group>"; };
		34CF63CA22EEE37A00A918CD /* Assets.xcassets */ = {isa = PBXFileReference; lastKnownFileType = folder.assetcatalog; path = Assets.xcassets; sourceTree = "<group>"; };
		34CF63CD22EEE37A00A918CD /* Base */ = {isa = PBXFileReference; lastKnownFileType = file.storyboard; name = Base; path = Base.lproj/LaunchScreen.storyboard; sourceTree = "<group>"; };
		34CF63CF22EEE37A00A918CD /* Info.plist */ = {isa = PBXFileReference; lastKnownFileType = text.plist.xml; path = Info.plist; sourceTree = "<group>"; };
		34CF63D022EEE37A00A918CD /* main.m */ = {isa = PBXFileReference; lastKnownFileType = sourcecode.c.objc; path = main.m; sourceTree = "<group>"; };
		4ABFD8B8F5478EC48A697D7F /* Pods-QNote.release.xcconfig */ = {isa = PBXFileReference; includeInIndex = 1; lastKnownFileType = text.xcconfig; name = "Pods-QNote.release.xcconfig"; path = "Target Support Files/Pods-QNote/Pods-QNote.release.xcconfig"; sourceTree = "<group>"; };
		9D5C3FF58393A9F0003373A2 /* libPods-QNote.a */ = {isa = PBXFileReference; explicitFileType = archive.ar; includeInIndex = 0; path = "libPods-QNote.a"; sourceTree = BUILT_PRODUCTS_DIR; };
/* End PBXFileReference section */

/* Begin PBXFrameworksBuildPhase section */
		3428522C22F0417300BA712E /* Frameworks */ = {
			isa = PBXFrameworksBuildPhase;
			buildActionMask = 2147483647;
			files = (
			);
			runOnlyForDeploymentPostprocessing = 0;
		};
		34794BF42328ED3C0051CDFB /* Frameworks */ = {
			isa = PBXFrameworksBuildPhase;
			buildActionMask = 2147483647;
			files = (
				34794BFA2328ED3C0051CDFB /* NotificationCenter.framework in Frameworks */,
			);
			runOnlyForDeploymentPostprocessing = 0;
		};
		34CF63BB22EEE37900A918CD /* Frameworks */ = {
			isa = PBXFrameworksBuildPhase;
			buildActionMask = 2147483647;
			files = (
				B95C389F663EC9FA2A9968E5 /* libPods-QNote.a in Frameworks */,
			);
			runOnlyForDeploymentPostprocessing = 0;
		};
/* End PBXFrameworksBuildPhase section */

/* Begin PBXGroup section */
		0CD01873455F4004F71AF341 /* Pods */ = {
			isa = PBXGroup;
			children = (
				0A30F50CFCC7451247A7CC97 /* Pods-QNote.debug.xcconfig */,
				4ABFD8B8F5478EC48A697D7F /* Pods-QNote.release.xcconfig */,
			);
			path = Pods;
			sourceTree = "<group>";
		};
		3408DF26235F28F500D22E8E /* Common */ = {
			isa = PBXGroup;
			children = (
				3408DF27235F293700D22E8E /* XHMovableCellTableView.h */,
				3408DF28235F293700D22E8E /* XHMovableCellTableView.m */,
			);
			path = Common;
			sourceTree = "<group>";
		};
		3428523022F0417300BA712E /* QNoteShare */ = {
			isa = PBXGroup;
			children = (
				34AF12FC238E7E1900B917A7 /* Model */,
				34AF12FB238E7E0E00B917A7 /* View */,
				34AF12FA238E7DFE00B917A7 /* Controller */,
				348D4D8A22F46C9B0068B6B6 /* QNoteShare.entitlements */,
				3428523422F0417300BA712E /* MainInterface.storyboard */,
				3428523722F0417300BA712E /* Info.plist */,
			);
			path = QNoteShare;
			sourceTree = "<group>";
		};
		34794BF82328ED3C0051CDFB /* Frameworks */ = {
			isa = PBXGroup;
			children = (
				34794BF92328ED3C0051CDFB /* NotificationCenter.framework */,
				9D5C3FF58393A9F0003373A2 /* libPods-QNote.a */,
			);
			name = Frameworks;
			sourceTree = "<group>";
		};
		34794BFB2328ED3C0051CDFB /* QNoteToday */ = {
			isa = PBXGroup;
			children = (
				34794C092328ED7E0051CDFB /* QNoteToday.entitlements */,
				34794BFC2328ED3C0051CDFB /* TodayViewController.h */,
				34794BFD2328ED3C0051CDFB /* TodayViewController.m */,
				34794BFF2328ED3C0051CDFB /* MainInterface.storyboard */,
				34794C022328ED3C0051CDFB /* Info.plist */,
			);
			path = QNoteToday;
			sourceTree = "<group>";
		};
		34794C0A233114F30051CDFB /* Model */ = {
			isa = PBXGroup;
			children = (
			);
			path = Model;
			sourceTree = "<group>";
		};
		34794C0B233115010051CDFB /* View */ = {
			isa = PBXGroup;
			children = (
				342ADB4A233CB0DE0047AFB6 /* noteCell.h */,
				342ADB4B233CB0DE0047AFB6 /* noteCell.m */,
			);
			path = View;
			sourceTree = "<group>";
		};
		34794C0C2331150B0051CDFB /* Controller */ = {
			isa = PBXGroup;
			children = (
				34CF63C422EEE37900A918CD /* ViewController.h */,
				34CF63C522EEE37900A918CD /* ViewController.m */,
			);
			path = Controller;
			sourceTree = "<group>";
		};
		34794C0D23311D910051CDFB /* Store */ = {
			isa = PBXGroup;
			children = (
			);
			path = Store;
			sourceTree = "<group>";
		};
		34AF12B52384E09600B917A7 /* Common */ = {
			isa = PBXGroup;
			children = (
				34AF12F3238D176000B917A7 /* Fonts */,
				34AF12ED238D0FDF00B917A7 /* Layout */,
				34AF12B72384E0B100B917A7 /* Utils */,
			);
			path = Common;
			sourceTree = "<group>";
		};
		34AF12B72384E0B100B917A7 /* Utils */ = {
			isa = PBXGroup;
			children = (
				34AF12B92384E0D300B917A7 /* UIImageEffects.h */,
				34AF12B82384E0D300B917A7 /* UIImageEffects.m */,
			);
			path = Utils;
			sourceTree = "<group>";
		};
		34AF12ED238D0FDF00B917A7 /* Layout */ = {
			isa = PBXGroup;
			children = (
				34AF12EE238D101500B917A7 /* LayoutCenter.h */,
				34AF12EF238D101500B917A7 /* LayoutCenter.m */,
			);
			path = Layout;
			sourceTree = "<group>";
		};
		34AF12F3238D176000B917A7 /* Fonts */ = {
			isa = PBXGroup;
			children = (
				34AF12F6238D1DB600B917A7 /* Songti.ttc */,
			);
			path = Fonts;
			sourceTree = "<group>";
		};
		34AF12FA238E7DFE00B917A7 /* Controller */ = {
			isa = PBXGroup;
			children = (
				3428523122F0417300BA712E /* ShareViewController.h */,
				3428523222F0417300BA712E /* ShareViewController.m */,
			);
			path = Controller;
			sourceTree = "<group>";
		};
		34AF12FB238E7E0E00B917A7 /* View */ = {
			isa = PBXGroup;
			children = (
				34AF12E9238D04A200B917A7 /* HeaderViewForShareTableView.h */,
				34AF12EA238D04A200B917A7 /* HeaderViewForShareTableView.m */,
			);
			path = View;
			sourceTree = "<group>";
		};
		34AF12FC238E7E1900B917A7 /* Model */ = {
			isa = PBXGroup;
			children = (
			);
			path = Model;
			sourceTree = "<group>";
		};
		34CF63B522EEE37900A918CD = {
			isa = PBXGroup;
			children = (
				34AF12B52384E09600B917A7 /* Common */,
				34CF63C022EEE37900A918CD /* QNote */,
				3428523022F0417300BA712E /* QNoteShare */,
				34794BFB2328ED3C0051CDFB /* QNoteToday */,
				34794BF82328ED3C0051CDFB /* Frameworks */,
				34CF63BF22EEE37900A918CD /* Products */,
				0CD01873455F4004F71AF341 /* Pods */,
			);
			sourceTree = "<group>";
		};
		34CF63BF22EEE37900A918CD /* Products */ = {
			isa = PBXGroup;
			children = (
				34CF63BE22EEE37900A918CD /* QNote.app */,
				3428522F22F0417300BA712E /* QNoteShare.appex */,
				34794BF72328ED3C0051CDFB /* QNoteToday.appex */,
			);
			name = Products;
			sourceTree = "<group>";
		};
		34CF63C022EEE37900A918CD /* QNote */ = {
			isa = PBXGroup;
			children = (
				3408DF26235F28F500D22E8E /* Common */,
				34794C0D23311D910051CDFB /* Store */,
				34794C0C2331150B0051CDFB /* Controller */,
				34794C0B233115010051CDFB /* View */,
				34794C0A233114F30051CDFB /* Model */,
				348D4D8922F46C8E0068B6B6 /* QNote.entitlements */,
				34CF63C122EEE37900A918CD /* AppDelegate.h */,
				34CF63C222EEE37900A918CD /* AppDelegate.m */,
				34CF63C722EEE37900A918CD /* Main.storyboard */,
				34CF63CA22EEE37A00A918CD /* Assets.xcassets */,
				34CF63CC22EEE37A00A918CD /* LaunchScreen.storyboard */,
				34CF63CF22EEE37A00A918CD /* Info.plist */,
				34CF63D022EEE37A00A918CD /* main.m */,
			);
			path = QNote;
			sourceTree = "<group>";
		};
/* End PBXGroup section */

/* Begin PBXNativeTarget section */
		3428522E22F0417300BA712E /* QNoteShare */ = {
			isa = PBXNativeTarget;
			buildConfigurationList = 3428523B22F0417300BA712E /* Build configuration list for PBXNativeTarget "QNoteShare" */;
			buildPhases = (
				3428522B22F0417300BA712E /* Sources */,
				3428522C22F0417300BA712E /* Frameworks */,
				3428522D22F0417300BA712E /* Resources */,
			);
			buildRules = (
			);
			dependencies = (
			);
			name = QNoteShare;
			productName = QNoteShare;
			productReference = 3428522F22F0417300BA712E /* QNoteShare.appex */;
			productType = "com.apple.product-type.app-extension";
		};
		34794BF62328ED3C0051CDFB /* QNoteToday */ = {
			isa = PBXNativeTarget;
			buildConfigurationList = 34794C082328ED3C0051CDFB /* Build configuration list for PBXNativeTarget "QNoteToday" */;
			buildPhases = (
				34794BF32328ED3C0051CDFB /* Sources */,
				34794BF42328ED3C0051CDFB /* Frameworks */,
				34794BF52328ED3C0051CDFB /* Resources */,
			);
			buildRules = (
			);
			dependencies = (
			);
			name = QNoteToday;
			productName = QNoteToday;
			productReference = 34794BF72328ED3C0051CDFB /* QNoteToday.appex */;
			productType = "com.apple.product-type.app-extension";
		};
		34CF63BD22EEE37900A918CD /* QNote */ = {
			isa = PBXNativeTarget;
			buildConfigurationList = 34CF63D422EEE37A00A918CD /* Build configuration list for PBXNativeTarget "QNote" */;
			buildPhases = (
				DD47363C8F499AEE3F7C238D /* [CP] Check Pods Manifest.lock */,
				34CF63BA22EEE37900A918CD /* Sources */,
				34CF63BB22EEE37900A918CD /* Frameworks */,
				34CF63BC22EEE37900A918CD /* Resources */,
				3428523E22F0417300BA712E /* Embed App Extensions */,
				8971F21DDE2F9993FFFC7DDE /* [CP] Copy Pods Resources */,
			);
			buildRules = (
			);
			dependencies = (
				3428523922F0417300BA712E /* PBXTargetDependency */,
				34794C042328ED3C0051CDFB /* PBXTargetDependency */,
			);
			name = QNote;
			productName = QNote;
			productReference = 34CF63BE22EEE37900A918CD /* QNote.app */;
			productType = "com.apple.product-type.application";
		};
/* End PBXNativeTarget section */

/* Begin PBXProject section */
		34CF63B622EEE37900A918CD /* Project object */ = {
			isa = PBXProject;
			attributes = {
				LastUpgradeCheck = 1010;
				ORGANIZATIONNAME = starccode;
				TargetAttributes = {
					3428522E22F0417300BA712E = {
						CreatedOnToolsVersion = 10.1;
						SystemCapabilities = {
							com.apple.ApplicationGroups.iOS = {
								enabled = 1;
							};
						};
					};
					34794BF62328ED3C0051CDFB = {
						CreatedOnToolsVersion = 10.3;
						SystemCapabilities = {
							com.apple.ApplicationGroups.iOS = {
								enabled = 1;
							};
						};
					};
					34CF63BD22EEE37900A918CD = {
						CreatedOnToolsVersion = 10.1;
						SystemCapabilities = {
							com.apple.ApplicationGroups.iOS = {
								enabled = 1;
							};
						};
					};
				};
			};
			buildConfigurationList = 34CF63B922EEE37900A918CD /* Build configuration list for PBXProject "QNote" */;
			compatibilityVersion = "Xcode 9.3";
			developmentRegion = en;
			hasScannedForEncodings = 0;
			knownRegions = (
				en,
				Base,
			);
			mainGroup = 34CF63B522EEE37900A918CD;
			productRefGroup = 34CF63BF22EEE37900A918CD /* Products */;
			projectDirPath = "";
			projectRoot = "";
			targets = (
				34CF63BD22EEE37900A918CD /* QNote */,
				3428522E22F0417300BA712E /* QNoteShare */,
				34794BF62328ED3C0051CDFB /* QNoteToday */,
			);
		};
/* End PBXProject section */

/* Begin PBXResourcesBuildPhase section */
		3428522D22F0417300BA712E /* Resources */ = {
			isa = PBXResourcesBuildPhase;
			buildActionMask = 2147483647;
			files = (
				34AF12F9238D1EDF00B917A7 /* Songti.ttc in Resources */,
				3428523622F0417300BA712E /* MainInterface.storyboard in Resources */,
			);
			runOnlyForDeploymentPostprocessing = 0;
		};
		34794BF52328ED3C0051CDFB /* Resources */ = {
			isa = PBXResourcesBuildPhase;
			buildActionMask = 2147483647;
			files = (
				34794C012328ED3C0051CDFB /* MainInterface.storyboard in Resources */,
			);
			runOnlyForDeploymentPostprocessing = 0;
		};
		34CF63BC22EEE37900A918CD /* Resources */ = {
			isa = PBXResourcesBuildPhase;
			buildActionMask = 2147483647;
			files = (
				34AF12F8238D1E9800B917A7 /* Songti.ttc in Resources */,
				34CF63CE22EEE37A00A918CD /* LaunchScreen.storyboard in Resources */,
				34CF63CB22EEE37A00A918CD /* Assets.xcassets in Resources */,
				34CF63C922EEE37900A918CD /* Main.storyboard in Resources */,
			);
			runOnlyForDeploymentPostprocessing = 0;
		};
/* End PBXResourcesBuildPhase section */

/* Begin PBXShellScriptBuildPhase section */
		8971F21DDE2F9993FFFC7DDE /* [CP] Copy Pods Resources */ = {
			isa = PBXShellScriptBuildPhase;
			buildActionMask = 2147483647;
			files = (
			);
			inputFileListPaths = (
				"${PODS_ROOT}/Target Support Files/Pods-QNote/Pods-QNote-resources-${CONFIGURATION}-input-files.xcfilelist",
			);
			name = "[CP] Copy Pods Resources";
			outputFileListPaths = (
				"${PODS_ROOT}/Target Support Files/Pods-QNote/Pods-QNote-resources-${CONFIGURATION}-output-files.xcfilelist",
			);
			runOnlyForDeploymentPostprocessing = 0;
			shellPath = /bin/sh;
			shellScript = "\"${PODS_ROOT}/Target Support Files/Pods-QNote/Pods-QNote-resources.sh\"\n";
			showEnvVarsInLog = 0;
		};
		DD47363C8F499AEE3F7C238D /* [CP] Check Pods Manifest.lock */ = {
			isa = PBXShellScriptBuildPhase;
			buildActionMask = 2147483647;
			files = (
			);
			inputFileListPaths = (
			);
			inputPaths = (
				"${PODS_PODFILE_DIR_PATH}/Podfile.lock",
				"${PODS_ROOT}/Manifest.lock",
			);
			name = "[CP] Check Pods Manifest.lock";
			outputFileListPaths = (
			);
			outputPaths = (
				"$(DERIVED_FILE_DIR)/Pods-QNote-checkManifestLockResult.txt",
			);
			runOnlyForDeploymentPostprocessing = 0;
			shellPath = /bin/sh;
			shellScript = "diff \"${PODS_PODFILE_DIR_PATH}/Podfile.lock\" \"${PODS_ROOT}/Manifest.lock\" > /dev/null\nif [ $? != 0 ] ; then\n    # print error to STDERR\n    echo \"error: The sandbox is not in sync with the Podfile.lock. Run 'pod install' or update your CocoaPods installation.\" >&2\n    exit 1\nfi\n# This output is used by Xcode 'outputs' to avoid re-running this script phase.\necho \"SUCCESS\" > \"${SCRIPT_OUTPUT_FILE_0}\"\n";
			showEnvVarsInLog = 0;
		};
/* End PBXShellScriptBuildPhase section */

/* Begin PBXSourcesBuildPhase section */
		3428522B22F0417300BA712E /* Sources */ = {
			isa = PBXSourcesBuildPhase;
			buildActionMask = 2147483647;
			files = (
				34AF12F1238D101500B917A7 /* LayoutCenter.m in Sources */,
				34AF12C02384E49100B917A7 /* UIImageEffects.m in Sources */,
				3428523322F0417300BA712E /* ShareViewController.m in Sources */,
				34AF12EB238D04A200B917A7 /* HeaderViewForShareTableView.m in Sources */,
			);
			runOnlyForDeploymentPostprocessing = 0;
		};
		34794BF32328ED3C0051CDFB /* Sources */ = {
			isa = PBXSourcesBuildPhase;
			buildActionMask = 2147483647;
			files = (
				34AF12F2238D101500B917A7 /* LayoutCenter.m in Sources */,
				34794BFE2328ED3C0051CDFB /* TodayViewController.m in Sources */,
			);
			runOnlyForDeploymentPostprocessing = 0;
		};
		34CF63BA22EEE37900A918CD /* Sources */ = {
			isa = PBXSourcesBuildPhase;
			buildActionMask = 2147483647;
			files = (
				34CF63C622EEE37900A918CD /* ViewController.m in Sources */,
				34CF63D122EEE37A00A918CD /* main.m in Sources */,
				34AF12BA2384E0D300B917A7 /* UIImageEffects.m in Sources */,
				34CF63C322EEE37900A918CD /* AppDelegate.m in Sources */,
				342ADB4C233CB0DE0047AFB6 /* noteCell.m in Sources */,
				34AF12F0238D101500B917A7 /* LayoutCenter.m in Sources */,
				3408DF29235F293700D22E8E /* XHMovableCellTableView.m in Sources */,
			);
			runOnlyForDeploymentPostprocessing = 0;
		};
/* End PBXSourcesBuildPhase section */

/* Begin PBXTargetDependency section */
		3428523922F0417300BA712E /* PBXTargetDependency */ = {
			isa = PBXTargetDependency;
			target = 3428522E22F0417300BA712E /* QNoteShare */;
			targetProxy = 3428523822F0417300BA712E /* PBXContainerItemProxy */;
		};
		34794C042328ED3C0051CDFB /* PBXTargetDependency */ = {
			isa = PBXTargetDependency;
			target = 34794BF62328ED3C0051CDFB /* QNoteToday */;
			targetProxy = 34794C032328ED3C0051CDFB /* PBXContainerItemProxy */;
		};
/* End PBXTargetDependency section */

/* Begin PBXVariantGroup section */
		3428523422F0417300BA712E /* MainInterface.storyboard */ = {
			isa = PBXVariantGroup;
			children = (
				3428523522F0417300BA712E /* Base */,
			);
			name = MainInterface.storyboard;
			sourceTree = "<group>";
		};
		34794BFF2328ED3C0051CDFB /* MainInterface.storyboard */ = {
			isa = PBXVariantGroup;
			children = (
				34794C002328ED3C0051CDFB /* Base */,
			);
			name = MainInterface.storyboard;
			sourceTree = "<group>";
		};
		34CF63C722EEE37900A918CD /* Main.storyboard */ = {
			isa = PBXVariantGroup;
			children = (
				34CF63C822EEE37900A918CD /* Base */,
			);
			name = Main.storyboard;
			sourceTree = "<group>";
		};
		34CF63CC22EEE37A00A918CD /* LaunchScreen.storyboard */ = {
			isa = PBXVariantGroup;
			children = (
				34CF63CD22EEE37A00A918CD /* Base */,
			);
			name = LaunchScreen.storyboard;
			sourceTree = "<group>";
		};
/* End PBXVariantGroup section */

/* Begin XCBuildConfiguration section */
		3428523C22F0417300BA712E /* Debug */ = {
			isa = XCBuildConfiguration;
			baseConfigurationReference = 0A30F50CFCC7451247A7CC97 /* Pods-QNote.debug.xcconfig */;
			buildSettings = {
				CODE_SIGN_ENTITLEMENTS = QNoteShare/QNoteShare.entitlements;
				CODE_SIGN_STYLE = Automatic;
				DEVELOPMENT_TEAM = 3Z48PGCVN4;
				INFOPLIST_FILE = QNoteShare/Info.plist;
				LD_RUNPATH_SEARCH_PATHS = (
					"$(inherited)",
					"@executable_path/Frameworks",
					"@executable_path/../../Frameworks",
				);
				PRODUCT_BUNDLE_IDENTIFIER = com.starccode.QNote.QNoteShare;
				PRODUCT_NAME = "$(TARGET_NAME)";
				SKIP_INSTALL = YES;
				TARGETED_DEVICE_FAMILY = "1,2";
				USER_HEADER_SEARCH_PATHS = "";
			};
			name = Debug;
		};
		3428523D22F0417300BA712E /* Release */ = {
			isa = XCBuildConfiguration;
			baseConfigurationReference = 4ABFD8B8F5478EC48A697D7F /* Pods-QNote.release.xcconfig */;
			buildSettings = {
				CODE_SIGN_ENTITLEMENTS = QNoteShare/QNoteShare.entitlements;
				CODE_SIGN_STYLE = Automatic;
				DEVELOPMENT_TEAM = 3Z48PGCVN4;
				INFOPLIST_FILE = QNoteShare/Info.plist;
				LD_RUNPATH_SEARCH_PATHS = (
					"$(inherited)",
					"@executable_path/Frameworks",
					"@executable_path/../../Frameworks",
				);
				PRODUCT_BUNDLE_IDENTIFIER = com.starccode.QNote.QNoteShare;
				PRODUCT_NAME = "$(TARGET_NAME)";
				SKIP_INSTALL = YES;
				TARGETED_DEVICE_FAMILY = "1,2";
				USER_HEADER_SEARCH_PATHS = "";
			};
			name = Release;
		};
		34794C062328ED3C0051CDFB /* Debug */ = {
			isa = XCBuildConfiguration;
			baseConfigurationReference = 0A30F50CFCC7451247A7CC97 /* Pods-QNote.debug.xcconfig */;
			buildSettings = {
				CODE_SIGN_ENTITLEMENTS = QNoteToday/QNoteToday.entitlements;
				CODE_SIGN_IDENTITY = "iPhone Developer";
				CODE_SIGN_STYLE = Automatic;
				DEVELOPMENT_TEAM = 3Z48PGCVN4;
				INFOPLIST_FILE = QNoteToday/Info.plist;
				IPHONEOS_DEPLOYMENT_TARGET = 12.4;
				LD_RUNPATH_SEARCH_PATHS = (
					"$(inherited)",
					"@executable_path/Frameworks",
					"@executable_path/../../Frameworks",
				);
				PRODUCT_BUNDLE_IDENTIFIER = com.starccode.QNote.QNoteToday;
				PRODUCT_NAME = "$(TARGET_NAME)";
				SKIP_INSTALL = YES;
				TARGETED_DEVICE_FAMILY = "1,2";
			};
			name = Debug;
		};
		34794C072328ED3C0051CDFB /* Release */ = {
			isa = XCBuildConfiguration;
			baseConfigurationReference = 4ABFD8B8F5478EC48A697D7F /* Pods-QNote.release.xcconfig */;
			buildSettings = {
				CODE_SIGN_ENTITLEMENTS = QNoteToday/QNoteToday.entitlements;
				CODE_SIGN_IDENTITY = "iPhone Developer";
				CODE_SIGN_STYLE = Automatic;
				DEVELOPMENT_TEAM = 3Z48PGCVN4;
				INFOPLIST_FILE = QNoteToday/Info.plist;
				IPHONEOS_DEPLOYMENT_TARGET = 12.4;
				LD_RUNPATH_SEARCH_PATHS = (
					"$(inherited)",
					"@executable_path/Frameworks",
					"@executable_path/../../Frameworks",
				);
				PRODUCT_BUNDLE_IDENTIFIER = com.starccode.QNote.QNoteToday;
				PRODUCT_NAME = "$(TARGET_NAME)";
				SKIP_INSTALL = YES;
				TARGETED_DEVICE_FAMILY = "1,2";
			};
			name = Release;
		};
		34CF63D222EEE37A00A918CD /* Debug */ = {
			isa = XCBuildConfiguration;
			buildSettings = {
				ALWAYS_SEARCH_USER_PATHS = NO;
				CLANG_ANALYZER_NONNULL = YES;
				CLANG_ANALYZER_NUMBER_OBJECT_CONVERSION = YES_AGGRESSIVE;
				CLANG_CXX_LANGUAGE_STANDARD = "gnu++14";
				CLANG_CXX_LIBRARY = "libc++";
				CLANG_ENABLE_MODULES = YES;
				CLANG_ENABLE_OBJC_ARC = YES;
				CLANG_ENABLE_OBJC_WEAK = YES;
				CLANG_WARN_BLOCK_CAPTURE_AUTORELEASING = YES;
				CLANG_WARN_BOOL_CONVERSION = YES;
				CLANG_WARN_COMMA = YES;
				CLANG_WARN_CONSTANT_CONVERSION = YES;
				CLANG_WARN_DEPRECATED_OBJC_IMPLEMENTATIONS = YES;
				CLANG_WARN_DIRECT_OBJC_ISA_USAGE = YES_ERROR;
				CLANG_WARN_DOCUMENTATION_COMMENTS = YES;
				CLANG_WARN_EMPTY_BODY = YES;
				CLANG_WARN_ENUM_CONVERSION = YES;
				CLANG_WARN_INFINITE_RECURSION = YES;
				CLANG_WARN_INT_CONVERSION = YES;
				CLANG_WARN_NON_LITERAL_NULL_CONVERSION = YES;
				CLANG_WARN_OBJC_IMPLICIT_RETAIN_SELF = YES;
				CLANG_WARN_OBJC_LITERAL_CONVERSION = YES;
				CLANG_WARN_OBJC_ROOT_CLASS = YES_ERROR;
				CLANG_WARN_RANGE_LOOP_ANALYSIS = YES;
				CLANG_WARN_STRICT_PROTOTYPES = YES;
				CLANG_WARN_SUSPICIOUS_MOVE = YES;
				CLANG_WARN_UNGUARDED_AVAILABILITY = YES_AGGRESSIVE;
				CLANG_WARN_UNREACHABLE_CODE = YES;
				CLANG_WARN__DUPLICATE_METHOD_MATCH = YES;
				CODE_SIGN_IDENTITY = "iPhone Developer";
				COPY_PHASE_STRIP = NO;
				DEBUG_INFORMATION_FORMAT = dwarf;
				ENABLE_STRICT_OBJC_MSGSEND = YES;
				ENABLE_TESTABILITY = YES;
				GCC_C_LANGUAGE_STANDARD = gnu11;
				GCC_DYNAMIC_NO_PIC = NO;
				GCC_NO_COMMON_BLOCKS = YES;
				GCC_OPTIMIZATION_LEVEL = 0;
				GCC_PREPROCESSOR_DEFINITIONS = (
					"DEBUG=1",
					"$(inherited)",
				);
				GCC_WARN_64_TO_32_BIT_CONVERSION = YES;
				GCC_WARN_ABOUT_RETURN_TYPE = YES_ERROR;
				GCC_WARN_UNDECLARED_SELECTOR = YES;
				GCC_WARN_UNINITIALIZED_AUTOS = YES_AGGRESSIVE;
				GCC_WARN_UNUSED_FUNCTION = YES;
				GCC_WARN_UNUSED_VARIABLE = YES;
				IPHONEOS_DEPLOYMENT_TARGET = 12.1;
				MTL_ENABLE_DEBUG_INFO = INCLUDE_SOURCE;
				MTL_FAST_MATH = YES;
				ONLY_ACTIVE_ARCH = YES;
				SDKROOT = iphoneos;
				USER_HEADER_SEARCH_PATHS = "";
			};
			name = Debug;
		};
		34CF63D322EEE37A00A918CD /* Release */ = {
			isa = XCBuildConfiguration;
			buildSettings = {
				ALWAYS_SEARCH_USER_PATHS = NO;
				CLANG_ANALYZER_NONNULL = YES;
				CLANG_ANALYZER_NUMBER_OBJECT_CONVERSION = YES_AGGRESSIVE;
				CLANG_CXX_LANGUAGE_STANDARD = "gnu++14";
				CLANG_CXX_LIBRARY = "libc++";
				CLANG_ENABLE_MODULES = YES;
				CLANG_ENABLE_OBJC_ARC = YES;
				CLANG_ENABLE_OBJC_WEAK = YES;
				CLANG_WARN_BLOCK_CAPTURE_AUTORELEASING = YES;
				CLANG_WARN_BOOL_CONVERSION = YES;
				CLANG_WARN_COMMA = YES;
				CLANG_WARN_CONSTANT_CONVERSION = YES;
				CLANG_WARN_DEPRECATED_OBJC_IMPLEMENTATIONS = YES;
				CLANG_WARN_DIRECT_OBJC_ISA_USAGE = YES_ERROR;
				CLANG_WARN_DOCUMENTATION_COMMENTS = YES;
				CLANG_WARN_EMPTY_BODY = YES;
				CLANG_WARN_ENUM_CONVERSION = YES;
				CLANG_WARN_INFINITE_RECURSION = YES;
				CLANG_WARN_INT_CONVERSION = YES;
				CLANG_WARN_NON_LITERAL_NULL_CONVERSION = YES;
				CLANG_WARN_OBJC_IMPLICIT_RETAIN_SELF = YES;
				CLANG_WARN_OBJC_LITERAL_CONVERSION = YES;
				CLANG_WARN_OBJC_ROOT_CLASS = YES_ERROR;
				CLANG_WARN_RANGE_LOOP_ANALYSIS = YES;
				CLANG_WARN_STRICT_PROTOTYPES = YES;
				CLANG_WARN_SUSPICIOUS_MOVE = YES;
				CLANG_WARN_UNGUARDED_AVAILABILITY = YES_AGGRESSIVE;
				CLANG_WARN_UNREACHABLE_CODE = YES;
				CLANG_WARN__DUPLICATE_METHOD_MATCH = YES;
				CODE_SIGN_IDENTITY = "iPhone Developer";
				COPY_PHASE_STRIP = NO;
				DEBUG_INFORMATION_FORMAT = "dwarf-with-dsym";
				ENABLE_NS_ASSERTIONS = NO;
				ENABLE_STRICT_OBJC_MSGSEND = YES;
				GCC_C_LANGUAGE_STANDARD = gnu11;
				GCC_NO_COMMON_BLOCKS = YES;
				GCC_WARN_64_TO_32_BIT_CONVERSION = YES;
				GCC_WARN_ABOUT_RETURN_TYPE = YES_ERROR;
				GCC_WARN_UNDECLARED_SELECTOR = YES;
				GCC_WARN_UNINITIALIZED_AUTOS = YES_AGGRESSIVE;
				GCC_WARN_UNUSED_FUNCTION = YES;
				GCC_WARN_UNUSED_VARIABLE = YES;
				IPHONEOS_DEPLOYMENT_TARGET = 12.1;
				MTL_ENABLE_DEBUG_INFO = NO;
				MTL_FAST_MATH = YES;
				SDKROOT = iphoneos;
				USER_HEADER_SEARCH_PATHS = "";
				VALIDATE_PRODUCT = YES;
			};
			name = Release;
		};
		34CF63D522EEE37A00A918CD /* Debug */ = {
			isa = XCBuildConfiguration;
			baseConfigurationReference = 0A30F50CFCC7451247A7CC97 /* Pods-QNote.debug.xcconfig */;
			buildSettings = {
				ASSETCATALOG_COMPILER_APPICON_NAME = AppIcon;
				CODE_SIGN_ENTITLEMENTS = QNote/QNote.entitlements;
				CODE_SIGN_IDENTITY = "iPhone Developer";
				CODE_SIGN_STYLE = Automatic;
				DEVELOPMENT_TEAM = 3Z48PGCVN4;
				INFOPLIST_FILE = QNote/Info.plist;
				LD_RUNPATH_SEARCH_PATHS = (
					"$(inherited)",
					"@executable_path/Frameworks",
				);
				PRODUCT_BUNDLE_IDENTIFIER = com.starccode.QNote;
				PRODUCT_NAME = "$(TARGET_NAME)";
				PROVISIONING_PROFILE_SPECIFIER = "";
				TARGETED_DEVICE_FAMILY = "1,2";
				USER_HEADER_SEARCH_PATHS = "$(PODS_ROOT)/**";
			};
			name = Debug;
		};
		34CF63D622EEE37A00A918CD /* Release */ = {
			isa = XCBuildConfiguration;
			baseConfigurationReference = 4ABFD8B8F5478EC48A697D7F /* Pods-QNote.release.xcconfig */;
			buildSettings = {
				ASSETCATALOG_COMPILER_APPICON_NAME = AppIcon;
				CODE_SIGN_ENTITLEMENTS = QNote/QNote.entitlements;
				CODE_SIGN_IDENTITY = "iPhone Developer";
				CODE_SIGN_STYLE = Automatic;
				DEVELOPMENT_TEAM = 3Z48PGCVN4;
				INFOPLIST_FILE = QNote/Info.plist;
				LD_RUNPATH_SEARCH_PATHS = (
					"$(inherited)",
					"@executable_path/Frameworks",
				);
				PRODUCT_BUNDLE_IDENTIFIER = com.starccode.QNote;
				PRODUCT_NAME = "$(TARGET_NAME)";
				PROVISIONING_PROFILE_SPECIFIER = "";
				TARGETED_DEVICE_FAMILY = "1,2";
				USER_HEADER_SEARCH_PATHS = "$(PODS_ROOT)/**";
			};
			name = Release;
		};
/* End XCBuildConfiguration section */

/* Begin XCConfigurationList section */
		3428523B22F0417300BA712E /* Build configuration list for PBXNativeTarget "QNoteShare" */ = {
			isa = XCConfigurationList;
			buildConfigurations = (
				3428523C22F0417300BA712E /* Debug */,
				3428523D22F0417300BA712E /* Release */,
			);
			defaultConfigurationIsVisible = 0;
			defaultConfigurationName = Release;
		};
		34794C082328ED3C0051CDFB /* Build configuration list for PBXNativeTarget "QNoteToday" */ = {
			isa = XCConfigurationList;
			buildConfigurations = (
				34794C062328ED3C0051CDFB /* Debug */,
				34794C072328ED3C0051CDFB /* Release */,
			);
			defaultConfigurationIsVisible = 0;
			defaultConfigurationName = Release;
		};
		34CF63B922EEE37900A918CD /* Build configuration list for PBXProject "QNote" */ = {
			isa = XCConfigurationList;
			buildConfigurations = (
				34CF63D222EEE37A00A918CD /* Debug */,
				34CF63D322EEE37A00A918CD /* Release */,
			);
			defaultConfigurationIsVisible = 0;
			defaultConfigurationName = Release;
		};
		34CF63D422EEE37A00A918CD /* Build configuration list for PBXNativeTarget "QNote" */ = {
			isa = XCConfigurationList;
			buildConfigurations = (
				34CF63D522EEE37A00A918CD /* Debug */,
				34CF63D622EEE37A00A918CD /* Release */,
			);
			defaultConfigurationIsVisible = 0;
			defaultConfigurationName = Release;
		};
/* End XCConfigurationList section */
	};
	rootObject = 34CF63B622EEE37900A918CD /* Project object */;
}
